PODS:
  - barcode_scan (0.0.1):
    - Flutter
    - MTBBarcodeScanner
  - device_info (0.0.1):
    - Flutter
  - Firebase/CoreOnly (7.3.0):
    - FirebaseCore (= 7.3.0)
  - Firebase/Messaging (7.3.0):
    - Firebase/CoreOnly
    - FirebaseMessaging (~> 7.3.0)
  - Firebase/MLVision (7.3.0):
    - Firebase/CoreOnly
    - FirebaseMLVision (~> 7.3.0-beta)
  - firebase_core (1.0.3):
    - Firebase/CoreOnly (= 7.3.0)
    - Flutter
  - firebase_messaging (9.1.1):
    - Firebase/Messaging (= 7.3.0)
    - firebase_core
    - Flutter
  - firebase_ml_vision (0.1.1):
    - Firebase/MLVision (= 7.3.0)
    - firebase_core
    - Flutter
  - FirebaseCore (7.3.0):
    - FirebaseCoreDiagnostics (~> 7.0)
    - GoogleUtilities/Environment (~> 7.0)
    - GoogleUtilities/Logger (~> 7.0)
  - FirebaseCoreDiagnostics (7.9.0):
    - GoogleDataTransport (~> 8.0)
    - GoogleUtilities/Environment (~> 7.0)
    - GoogleUtilities/Logger (~> 7.0)
    - nanopb (~> 2.30907.0)
  - FirebaseInstallations (7.9.0):
    - FirebaseCore (~> 7.0)
    - GoogleUtilities/Environment (~> 7.0)
    - GoogleUtilities/UserDefaults (~> 7.0)
    - PromisesObjC (~> 1.2)
  - FirebaseInstanceID (7.9.0):
    - FirebaseCore (~> 7.0)
    - FirebaseInstallations (~> 7.0)
    - GoogleUtilities/Environment (~> 7.0)
    - GoogleUtilities/UserDefaults (~> 7.0)
  - FirebaseMessaging (7.3.0):
    - FirebaseCore (~> 7.0)
    - FirebaseInstanceID (~> 7.0)
    - GoogleUtilities/AppDelegateSwizzler (~> 7.0)
    - GoogleUtilities/Environment (~> 7.0)
    - GoogleUtilities/Reachability (~> 7.0)
    - GoogleUtilities/UserDefaults (~> 7.0)
  - FirebaseMLCommon (7.6.0-beta):
    - FirebaseCore (~> 7.0)
    - FirebaseInstallations (~> 7.0)
    - GoogleToolboxForMac/Logger (~> 2.1)
    - "GoogleToolboxForMac/NSData+zlib (~> 2.1)"
    - "GoogleToolboxForMac/NSDictionary+URLArguments (~> 2.1)"
    - GoogleUtilities/UserDefaults (~> 7.0)
    - GTMSessionFetcher/Core (~> 1.1)
    - Protobuf (~> 3.12)
  - FirebaseMLVision (7.3.0-beta):
    - FirebaseCore (~> 7.0)
    - FirebaseMLCommon (~> 7.0-beta)
    - GoogleAPIClientForREST/Core (~> 1.3)
    - GoogleAPIClientForREST/Vision (~> 1.3)
    - GoogleToolboxForMac/Logger (~> 2.1)
    - "GoogleToolboxForMac/NSData+zlib (~> 2.1)"
    - GTMSessionFetcher/Core (~> 1.1)
    - Protobuf (~> 3.12)
  - Flutter (1.0.0)
  - flutter_local_notifications (0.0.1):
    - Flutter
  - flutter_native_image (0.0.1):
    - Flutter
  - flutter_secure_storage (3.3.1):
    - Flutter
  - flutter_statusbarcolor (0.0.1):
    - Flutter
  - GoogleAPIClientForREST/Core (1.5.2):
    - GTMSessionFetcher (>= 1.1.7)
  - GoogleAPIClientForREST/Vision (1.5.2):
    - GoogleAPIClientForREST/Core
    - GTMSessionFetcher (>= 1.1.7)
  - GoogleDataTransport (8.3.1):
    - GoogleUtilities/Environment (~> 7.2)
    - nanopb (~> 2.30907.0)
    - PromisesObjC (~> 1.2)
  - GoogleToolboxForMac/DebugUtils (2.3.1):
    - GoogleToolboxForMac/Defines (= 2.3.1)
  - GoogleToolboxForMac/Defines (2.3.1)
  - GoogleToolboxForMac/Logger (2.3.1):
    - GoogleToolboxForMac/Defines (= 2.3.1)
  - "GoogleToolboxForMac/NSData+zlib (2.3.1)":
    - GoogleToolboxForMac/Defines (= 2.3.1)
  - "GoogleToolboxForMac/NSDictionary+URLArguments (2.3.1)":
    - GoogleToolboxForMac/DebugUtils (= 2.3.1)
    - GoogleToolboxForMac/Defines (= 2.3.1)
    - "GoogleToolboxForMac/NSString+URLArguments (= 2.3.1)"
  - "GoogleToolboxForMac/NSString+URLArguments (2.3.1)"
  - GoogleUtilities/AppDelegateSwizzler (7.3.1):
    - GoogleUtilities/Environment
    - GoogleUtilities/Logger
    - GoogleUtilities/Network
  - GoogleUtilities/Environment (7.3.1):
    - PromisesObjC (~> 1.2)
  - GoogleUtilities/Logger (7.3.1):
    - GoogleUtilities/Environment
  - GoogleUtilities/Network (7.3.1):
    - GoogleUtilities/Logger
    - "GoogleUtilities/NSData+zlib"
    - GoogleUtilities/Reachability
  - "GoogleUtilities/NSData+zlib (7.3.1)"
  - GoogleUtilities/Reachability (7.3.1):
    - GoogleUtilities/Logger
  - GoogleUtilities/UserDefaults (7.3.1):
    - GoogleUtilities/Logger
  - GTMSessionFetcher (1.5.0):
    - GTMSessionFetcher/Full (= 1.5.0)
  - GTMSessionFetcher/Core (1.5.0)
  - GTMSessionFetcher/Full (1.5.0):
    - GTMSessionFetcher/Core (= 1.5.0)
  - image_picker (0.0.1):
    - Flutter
  - MTBBarcodeScanner (5.0.11)
  - nanopb (2.30907.0):
    - nanopb/decode (= 2.30907.0)
    - nanopb/encode (= 2.30907.0)
  - nanopb/decode (2.30907.0)
  - nanopb/encode (2.30907.0)
  - package_info (0.0.1):
    - Flutter
  - path_provider (0.0.1):
    - Flutter
  - PromisesObjC (1.2.12)
  - Protobuf (3.14.0)
  - shared_preferences (0.0.1):
    - Flutter
  - uni_links (0.0.1):
    - Flutter
  - url_launcher (0.0.1):
    - Flutter
  - webview_flutter (0.0.1):
    - Flutter

DEPENDENCIES:
  - barcode_scan (from `.symlinks/plugins/barcode_scan/ios`)
  - device_info (from `.symlinks/plugins/device_info/ios`)
  - firebase_core (from `.symlinks/plugins/firebase_core/ios`)
  - firebase_messaging (from `.symlinks/plugins/firebase_messaging/ios`)
  - firebase_ml_vision (from `.symlinks/plugins/firebase_ml_vision/ios`)
  - Flutter (from `Flutter`)
  - flutter_local_notifications (from `.symlinks/plugins/flutter_local_notifications/ios`)
  - flutter_native_image (from `.symlinks/plugins/flutter_native_image/ios`)
  - flutter_secure_storage (from `.symlinks/plugins/flutter_secure_storage/ios`)
  - flutter_statusbarcolor (from `.symlinks/plugins/flutter_statusbarcolor/ios`)
  - image_picker (from `.symlinks/plugins/image_picker/ios`)
  - package_info (from `.symlinks/plugins/package_info/ios`)
  - path_provider (from `.symlinks/plugins/path_provider/ios`)
  - shared_preferences (from `.symlinks/plugins/shared_preferences/ios`)
  - uni_links (from `.symlinks/plugins/uni_links/ios`)
  - url_launcher (from `.symlinks/plugins/url_launcher/ios`)
  - webview_flutter (from `.symlinks/plugins/webview_flutter/ios`)

SPEC REPOS:
  trunk:
    - Firebase
    - FirebaseCore
    - FirebaseCoreDiagnostics
    - FirebaseInstallations
    - FirebaseInstanceID
    - FirebaseMessaging
    - FirebaseMLCommon
    - FirebaseMLVision
    - GoogleAPIClientForREST
    - GoogleDataTransport
    - GoogleToolboxForMac
    - GoogleUtilities
    - GTMSessionFetcher
    - MTBBarcodeScanner
    - nanopb
    - PromisesObjC
    - Protobuf

EXTERNAL SOURCES:
  barcode_scan:
    :path: ".symlinks/plugins/barcode_scan/ios"
  device_info:
    :path: ".symlinks/plugins/device_info/ios"
  firebase_core:
    :path: ".symlinks/plugins/firebase_core/ios"
  firebase_messaging:
    :path: ".symlinks/plugins/firebase_messaging/ios"
  firebase_ml_vision:
    :path: ".symlinks/plugins/firebase_ml_vision/ios"
  Flutter:
    :path: Flutter
  flutter_local_notifications:
    :path: ".symlinks/plugins/flutter_local_notifications/ios"
  flutter_native_image:
    :path: ".symlinks/plugins/flutter_native_image/ios"
  flutter_secure_storage:
    :path: ".symlinks/plugins/flutter_secure_storage/ios"
  flutter_statusbarcolor:
    :path: ".symlinks/plugins/flutter_statusbarcolor/ios"
  image_picker:
    :path: ".symlinks/plugins/image_picker/ios"
  package_info:
    :path: ".symlinks/plugins/package_info/ios"
  path_provider:
    :path: ".symlinks/plugins/path_provider/ios"
  shared_preferences:
    :path: ".symlinks/plugins/shared_preferences/ios"
  uni_links:
    :path: ".symlinks/plugins/uni_links/ios"
  url_launcher:
    :path: ".symlinks/plugins/url_launcher/ios"
  webview_flutter:
    :path: ".symlinks/plugins/webview_flutter/ios"

SPEC CHECKSUMS:
  barcode_scan: 33f586d02270046fc6559135038b34b5754eaa4f
  device_info: d7d233b645a32c40dfdc212de5cf646ca482f175
  Firebase: 26223c695fe322633274198cb19dca8cb7e54416
  firebase_core: b5d81dfd4fb2d6f700e67de34d9a633ae325c4e9
  firebase_messaging: 7547c99f31466371f9cfcb733d5a1bf32a819872
  firebase_ml_vision: 1162a66644b797125277ed0da7609cb1fcf57e67
  FirebaseCore: 4d3c72622ce0e2106aaa07bb4b2935ba2c370972
  FirebaseCoreDiagnostics: 3d36e05da74cb8b7ce30e6594a8f201b982c725c
  FirebaseInstallations: 5e777e6640fa060405cc7632447b6c5ca5af4742
  FirebaseInstanceID: 53140c03b9f6136f890d7901399f85a4c90ab2d0
  FirebaseMessaging: 68d1bcb14880189558a8ae57167abe0b7e417232
  FirebaseMLCommon: cbab07a0cfa19b982819fc9e030e6f3d569c23a6
  FirebaseMLVision: f6611d6c1e1895604f9033809f8e3d328ccf697a
  Flutter: 434fef37c0980e73bb6479ef766c45957d4b510c
  flutter_local_notifications: 0c0b1ae97e741e1521e4c1629a459d04b9aec743
  flutter_native_image: 9c0b7451838484458e5b0fae007b86a4c2d4bdfe
  flutter_secure_storage: 7953c38a04c3fdbb00571bcd87d8e3b5ceb9daec
  flutter_statusbarcolor: 8afb1071ed8c58be929f1e32b36c629771fd2259
  GoogleAPIClientForREST: 538a8ad0014fd88b78894e77100775a6b0a4f7ed
  GoogleDataTransport: 8b0e733ea77c9218778e5a9e34ba9508b8328939
  GoogleToolboxForMac: 471e0c05d39506e50e6398f46fa9a12ae0efeff9
  GoogleUtilities: e1d9ed4e544fc32a93e00e721400cbc3f377200d
  GTMSessionFetcher: b3503b20a988c4e20cc189aa798fd18220133f52
  image_picker: 50e7c7ff960e5f58faa4d1f4af84a771c671bc4a
  MTBBarcodeScanner: f453b33c4b7dfe545d8c6484ed744d55671788cb
  nanopb: 59221d7f958fb711001e6a449489542d92ae113e
  package_info: 873975fc26034f0b863a300ad47e7f1ac6c7ec62
  path_provider: abfe2b5c733d04e238b0d8691db0cfd63a27a93c
  PromisesObjC: 3113f7f76903778cf4a0586bd1ab89329a0b7b97
  Protobuf: 0cde852566359049847168e51bd1c690e0f70056
  shared_preferences: af6bfa751691cdc24be3045c43ec037377ada40d
  uni_links: d97da20c7701486ba192624d99bffaaffcfc298a
  url_launcher: 6fef411d543ceb26efce54b05a0a40bfd74cbbef
  webview_flutter: d2b4d6c66968ad042ad94cbb791f5b72b4678a96

PODFILE CHECKSUM: a5ead389ae8478b2f010fbadad4f103eae9ff09f

COCOAPODS: 1.9.1
